// !$*UTF8*$!
{
	archiveVersion = 1;
	classes = {
	};
	objectVersion = 56;
	objects = {

/* Begin PBXBuildFile section */
		A7228B852B2F379800770D9D /* AppDelegate.swift in Sources */ = {isa = PBXBuildFile; fileRef = A7228B842B2F379800770D9D /* AppDelegate.swift */; };
		A7228B872B2F379800770D9D /* SceneDelegate.swift in Sources */ = {isa = PBXBuildFile; fileRef = A7228B862B2F379800770D9D /* SceneDelegate.swift */; };
		A7228B892B2F379800770D9D /* ViewController.swift in Sources */ = {isa = PBXBuildFile; fileRef = A7228B882B2F379800770D9D /* ViewController.swift */; };
		A7228B8C2B2F379800770D9D /* Main.storyboard in Resources */ = {isa = PBXBuildFile; fileRef = A7228B8A2B2F379800770D9D /* Main.storyboard */; };
		A7228B8E2B2F379800770D9D /* Assets.xcassets in Resources */ = {isa = PBXBuildFile; fileRef = A7228B8D2B2F379800770D9D /* Assets.xcassets */; };
		A7228B912B2F379800770D9D /* LaunchScreen.storyboard in Resources */ = {isa = PBXBuildFile; fileRef = A7228B8F2B2F379800770D9D /* LaunchScreen.storyboard */; };
		A7B45DDD2B2F3D7A008F5FB8 /* BackgroundProviderProtocol.swift in Sources */ = {isa = PBXBuildFile; fileRef = A7B45DDC2B2F3D7A008F5FB8 /* BackgroundProviderProtocol.swift */; };
		A7B45DDF2B2F3E24008F5FB8 /* BackgroundProvidingClass.swift in Sources */ = {isa = PBXBuildFile; fileRef = A7B45DDE2B2F3E24008F5FB8 /* BackgroundProvidingClass.swift */; };
		A7B45DE12B2F3F27008F5FB8 /* AnotherViewController.swift in Sources */ = {isa = PBXBuildFile; fileRef = A7B45DE02B2F3F27008F5FB8 /* AnotherViewController.swift */; };
		E345DC2B821E858CF818401A /* Pods_SwiftDepInj.framework in Frameworks */ = {isa = PBXBuildFile; fileRef = 563DE0CA9FA9967194FA3A05 /* Pods_SwiftDepInj.framework */; };
/* End PBXBuildFile section */

/* Begin PBXFileReference section */
		563DE0CA9FA9967194FA3A05 /* Pods_SwiftDepInj.framework */ = {isa = PBXFileReference; explicitFileType = wrapper.framework; includeInIndex = 0; path = Pods_SwiftDepInj.framework; sourceTree = BUILT_PRODUCTS_DIR; };
		5C4A5E1693D8DF9369B68406 /* Pods-SwiftDepInj.release.xcconfig */ = {isa = PBXFileReference; includeInIndex = 1; lastKnownFileType = text.xcconfig; name = "Pods-SwiftDepInj.release.xcconfig"; path = "Target Support Files/Pods-SwiftDepInj/Pods-SwiftDepInj.release.xcconfig"; sourceTree = "<group>"; };
		6A3CC3C7D4BDEF817279696E /* Pods-SwiftDepInj.debug.xcconfig */ = {isa = PBXFileReference; includeInIndex = 1; lastKnownFileType = text.xcconfig; name = "Pods-SwiftDepInj.debug.xcconfig"; path = "Target Support Files/Pods-SwiftDepInj/Pods-SwiftDepInj.debug.xcconfig"; sourceTree = "<group>"; };
		A7228B812B2F379800770D9D /* SwiftDepInj.app */ = {isa = PBXFileReference; explicitFileType = wrapper.application; includeInIndex = 0; path = SwiftDepInj.app; sourceTree = BUILT_PRODUCTS_DIR; };
		A7228B842B2F379800770D9D /* AppDelegate.swift */ = {isa = PBXFileReference; lastKnownFileType = sourcecode.swift; path = AppDelegate.swift; sourceTree = "<group>"; };
		A7228B862B2F379800770D9D /* SceneDelegate.swift */ = {isa = PBXFileReference; lastKnownFileType = sourcecode.swift; path = SceneDelegate.swift; sourceTree = "<group>"; };
		A7228B882B2F379800770D9D /* ViewController.swift */ = {isa = PBXFileReference; lastKnownFileType = sourcecode.swift; path = ViewController.swift; sourceTree = "<group>"; };
		A7228B8B2B2F379800770D9D /* Base */ = {isa = PBXFileReference; lastKnownFileType = file.storyboard; name = Base; path = Base.lproj/Main.storyboard; sourceTree = "<group>"; };
		A7228B8D2B2F379800770D9D /* Assets.xcassets */ = {isa = PBXFileReference; lastKnownFileType = folder.assetcatalog; path = Assets.xcassets; sourceTree = "<group>"; };
		A7228B902B2F379800770D9D /* Base */ = {isa = PBXFileReference; lastKnownFileType = file.storyboard; name = Base; path = Base.lproj/LaunchScreen.storyboard; sourceTree = "<group>"; };
		A7228B922B2F379800770D9D /* Info.plist */ = {isa = PBXFileReference; lastKnownFileType = text.plist.xml; path = Info.plist; sourceTree = "<group>"; };
		A7B45DDC2B2F3D7A008F5FB8 /* BackgroundProviderProtocol.swift */ = {isa = PBXFileReference; lastKnownFileType = sourcecode.swift; path = BackgroundProviderProtocol.swift; sourceTree = "<group>"; };
		A7B45DDE2B2F3E24008F5FB8 /* BackgroundProvidingClass.swift */ = {isa = PBXFileReference; lastKnownFileType = sourcecode.swift; path = BackgroundProvidingClass.swift; sourceTree = "<group>"; };
		A7B45DE02B2F3F27008F5FB8 /* AnotherViewController.swift */ = {isa = PBXFileReference; lastKnownFileType = sourcecode.swift; path = AnotherViewController.swift; sourceTree = "<group>"; };
/* End PBXFileReference section */

/* Begin PBXFrameworksBuildPhase section */
		A7228B7E2B2F379800770D9D /* Frameworks */ = {
			isa = PBXFrameworksBuildPhase;
			buildActionMask = 2147483647;
			files = (
				E345DC2B821E858CF818401A /* Pods_SwiftDepInj.framework in Frameworks */,
			);
			runOnlyForDeploymentPostprocessing = 0;
		};
/* End PBXFrameworksBuildPhase section */

/* Begin PBXGroup section */
		63089E66DEE47988AC8F12A6 /* Pods */ = {
			isa = PBXGroup;
			children = (
				6A3CC3C7D4BDEF817279696E /* Pods-SwiftDepInj.debug.xcconfig */,
				5C4A5E1693D8DF9369B68406 /* Pods-SwiftDepInj.release.xcconfig */,
			);
			path = Pods;
			sourceTree = "<group>";
		};
		A7228B782B2F379800770D9D = {
			isa = PBXGroup;
			children = (
				A7228B832B2F379800770D9D /* SwiftDepInj */,
				A7228B822B2F379800770D9D /* Products */,
				63089E66DEE47988AC8F12A6 /* Pods */,
				EF015BF7F66F26863D035475 /* Frameworks */,
			);
			sourceTree = "<group>";
		};
		A7228B822B2F379800770D9D /* Products */ = {
			isa = PBXGroup;
			children = (
				A7228B812B2F379800770D9D /* SwiftDepInj.app */,
			);
			name = Products;
			sourceTree = "<group>";
		};
		A7228B832B2F379800770D9D /* SwiftDepInj */ = {
			isa = PBXGroup;
			children = (
				A7228B842B2F379800770D9D /* AppDelegate.swift */,
				A7228B862B2F379800770D9D /* SceneDelegate.swift */,
				A7228B882B2F379800770D9D /* ViewController.swift */,
				A7B45DE02B2F3F27008F5FB8 /* AnotherViewController.swift */,
				A7B45DDC2B2F3D7A008F5FB8 /* BackgroundProviderProtocol.swift */,
				A7B45DDE2B2F3E24008F5FB8 /* BackgroundProvidingClass.swift */,
				A7228B8A2B2F379800770D9D /* Main.storyboard */,
				A7228B8D2B2F379800770D9D /* Assets.xcassets */,
				A7228B8F2B2F379800770D9D /* LaunchScreen.storyboard */,
				A7228B922B2F379800770D9D /* Info.plist */,
			);
			path = SwiftDepInj;
			sourceTree = "<group>";
		};
		EF015BF7F66F26863D035475 /* Frameworks */ = {
			isa = PBXGroup;
			children = (
				563DE0CA9FA9967194FA3A05 /* Pods_SwiftDepInj.framework */,
			);
			name = Frameworks;
			sourceTree = "<group>";
		};
/* End PBXGroup section */

/* Begin PBXNativeTarget section */
		A7228B802B2F379800770D9D /* SwiftDepInj */ = {
			isa = PBXNativeTarget;
			buildConfigurationList = A7228B952B2F379800770D9D /* Build configuration list for PBXNativeTarget "SwiftDepInj" */;
			buildPhases = (
				E5F25DB48D36DF427B03C5D2 /* [CP] Check Pods Manifest.lock */,
				A7228B7D2B2F379800770D9D /* Sources */,
				A7228B7E2B2F379800770D9D /* Frameworks */,
				A7228B7F2B2F379800770D9D /* Resources */,
				50B3AB1DE9E742767CCC0BB7 /* [CP] Embed Pods Frameworks */,
			);
			buildRules = (
			);
			dependencies = (
			);
			name = SwiftDepInj;
			productName = SwiftDepInj;
			productReference = A7228B812B2F379800770D9D /* SwiftDepInj.app */;
			productType = "com.apple.product-type.application";
		};
/* End PBXNativeTarget section */

/* Begin PBXProject section */
		A7228B792B2F379800770D9D /* Project object */ = {
			isa = PBXProject;
			attributes = {
				BuildIndependentTargetsInParallel = 1;
				LastSwiftUpdateCheck = 1430;
				LastUpgradeCheck = 1430;
				TargetAttributes = {
					A7228B802B2F379800770D9D = {
						CreatedOnToolsVersion = 14.3;
					};
				};
			};
			buildConfigurationList = A7228B7C2B2F379800770D9D /* Build configuration list for PBXProject "SwiftDepInj" */;
			compatibilityVersion = "Xcode 14.0";
			developmentRegion = en;
			hasScannedForEncodings = 0;
			knownRegions = (
				en,
				Base,
			);
			mainGroup = A7228B782B2F379800770D9D;
			productRefGroup = A7228B822B2F379800770D9D /* Products */;
			projectDirPath = "";
			projectRoot = "";
			targets = (
				A7228B802B2F379800770D9D /* SwiftDepInj */,
			);
		};
/* End PBXProject section */

/* Begin PBXResourcesBuildPhase section */
		A7228B7F2B2F379800770D9D /* Resources */ = {
			isa = PBXResourcesBuildPhase;
			buildActionMask = 2147483647;
			files = (
				A7228B912B2F379800770D9D /* LaunchScreen.storyboard in Resources */,
				A7228B8E2B2F379800770D9D /* Assets.xcassets in Resources */,
				A7228B8C2B2F379800770D9D /* Main.storyboard in Resources */,
			);
			runOnlyForDeploymentPostprocessing = 0;
		};
/* End PBXResourcesBuildPhase section */

/* Begin PBXShellScriptBuildPhase section */
		50B3AB1DE9E742767CCC0BB7 /* [CP] Embed Pods Frameworks */ = {
			isa = PBXShellScriptBuildPhase;
			buildActionMask = 2147483647;
			files = (
			);
			inputFileListPaths = (
				"${PODS_ROOT}/Target Support Files/Pods-SwiftDepInj/Pods-SwiftDepInj-frameworks-${CONFIGURATION}-input-files.xcfilelist",
			);
			name = "[CP] Embed Pods Frameworks";
			outputFileListPaths = (
				"${PODS_ROOT}/Target Support Files/Pods-SwiftDepInj/Pods-SwiftDepInj-frameworks-${CONFIGURATION}-output-files.xcfilelist",
			);
			runOnlyForDeploymentPostprocessing = 0;
			shellPath = /bin/sh;
			shellScript = "\"${PODS_ROOT}/Target Support Files/Pods-SwiftDepInj/Pods-SwiftDepInj-frameworks.sh\"\n";
			showEnvVarsInLog = 0;
		};
		E5F25DB48D36DF427B03C5D2 /* [CP] Check Pods Manifest.lock */ = {
			isa = PBXShellScriptBuildPhase;
			buildActionMask = 2147483647;
			files = (
			);
			inputFileListPaths = (
			);
			inputPaths = (
				"${PODS_PODFILE_DIR_PATH}/Podfile.lock",
				"${PODS_ROOT}/Manifest.lock",
			);
			name = "[CP] Check Pods Manifest.lock";
			outputFileListPaths = (
			);
			outputPaths = (
				"$(DERIVED_FILE_DIR)/Pods-SwiftDepInj-checkManifestLockResult.txt",
			);
			runOnlyForDeploymentPostprocessing = 0;
			shellPath = /bin/sh;
			shellScript = "diff \"${PODS_PODFILE_DIR_PATH}/Podfile.lock\" \"${PODS_ROOT}/Manifest.lock\" > /dev/null\nif [ $? != 0 ] ; then\n    # print error to STDERR\n    echo \"error: The sandbox is not in sync with the Podfile.lock. Run 'pod install' or update your CocoaPods installation.\" >&2\n    exit 1\nfi\n# This output is used by Xcode 'outputs' to avoid re-running this script phase.\necho \"SUCCESS\" > \"${SCRIPT_OUTPUT_FILE_0}\"\n";
			showEnvVarsInLog = 0;
		};
/* End PBXShellScriptBuildPhase section */

/* Begin PBXSourcesBuildPhase section */
		A7228B7D2B2F379800770D9D /* Sources */ = {
			isa = PBXSourcesBuildPhase;
			buildActionMask = 2147483647;
			files = (
				A7B45DDD2B2F3D7A008F5FB8 /* BackgroundProviderProtocol.swift in Sources */,
				A7228B892B2F379800770D9D /* ViewController.swift in Sources */,
				A7B45DE12B2F3F27008F5FB8 /* AnotherViewController.swift in Sources */,
				A7228B852B2F379800770D9D /* AppDelegate.swift in Sources */,
				A7B45DDF2B2F3E24008F5FB8 /* BackgroundProvidingClass.swift in Sources */,
				A7228B872B2F379800770D9D /* SceneDelegate.swift in Sources */,
			);
			runOnlyForDeploymentPostprocessing = 0;
		};
/* End PBXSourcesBuildPhase section */

/* Begin PBXVariantGroup section */
		A7228B8A2B2F379800770D9D /* Main.storyboard */ = {
			isa = PBXVariantGroup;
			children = (
				A7228B8B2B2F379800770D9D /* Base */,
			);
			name = Main.storyboard;
			sourceTree = "<group>";
		};
		A7228B8F2B2F379800770D9D /* LaunchScreen.storyboard */ = {
			isa = PBXVariantGroup;
			children = (
				A7228B902B2F379800770D9D /* Base */,
			);
			name = LaunchScreen.storyboard;
			sourceTree = "<group>";
		};
/* End PBXVariantGroup section */

/* Begin XCBuildConfiguration section */
		A7228B932B2F379800770D9D /* Debug */ = {
			isa = XCBuildConfiguration;
			buildSettings = {
				ALWAYS_SEARCH_USER_PATHS = NO;
				CLANG_ANALYZER_NONNULL = YES;
				CLANG_ANALYZER_NUMBER_OBJECT_CONVERSION = YES_AGGRESSIVE;
				CLANG_CXX_LANGUAGE_STANDARD = "gnu++20";
				CLANG_ENABLE_MODULES = YES;
				CLANG_ENABLE_OBJC_ARC = YES;
				CLANG_ENABLE_OBJC_WEAK = YES;
				CLANG_WARN_BLOCK_CAPTURE_AUTORELEASING = YES;
				CLANG_WARN_BOOL_CONVERSION = YES;
				CLANG_WARN_COMMA = YES;
				CLANG_WARN_CONSTANT_CONVERSION = YES;
				CLANG_WARN_DEPRECATED_OBJC_IMPLEMENTATIONS = YES;
				CLANG_WARN_DIRECT_OBJC_ISA_USAGE = YES_ERROR;
				CLANG_WARN_DOCUMENTATION_COMMENTS = YES;
				CLANG_WARN_EMPTY_BODY = YES;
				CLANG_WARN_ENUM_CONVERSION = YES;
				CLANG_WARN_INFINITE_RECURSION = YES;
				CLANG_WARN_INT_CONVERSION = YES;
				CLANG_WARN_NON_LITERAL_NULL_CONVERSION = YES;
				CLANG_WARN_OBJC_IMPLICIT_RETAIN_SELF = YES;
				CLANG_WARN_OBJC_LITERAL_CONVERSION = YES;
				CLANG_WARN_OBJC_ROOT_CLASS = YES_ERROR;
				CLANG_WARN_QUOTED_INCLUDE_IN_FRAMEWORK_HEADER = YES;
				CLANG_WARN_RANGE_LOOP_ANALYSIS = YES;
				CLANG_WARN_STRICT_PROTOTYPES = YES;
				CLANG_WARN_SUSPICIOUS_MOVE = YES;
				CLANG_WARN_UNGUARDED_AVAILABILITY = YES_AGGRESSIVE;
				CLANG_WARN_UNREACHABLE_CODE = YES;
				CLANG_WARN__DUPLICATE_METHOD_MATCH = YES;
				COPY_PHASE_STRIP = NO;
				DEBUG_INFORMATION_FORMAT = dwarf;
				ENABLE_STRICT_OBJC_MSGSEND = YES;
				ENABLE_TESTABILITY = YES;
				GCC_C_LANGUAGE_STANDARD = gnu11;
				GCC_DYNAMIC_NO_PIC = NO;
				GCC_NO_COMMON_BLOCKS = YES;
				GCC_OPTIMIZATION_LEVEL = 0;
				GCC_PREPROCESSOR_DEFINITIONS = (
					"DEBUG=1",
					"$(inherited)",
				);
				GCC_WARN_64_TO_32_BIT_CONVERSION = YES;
				GCC_WARN_ABOUT_RETURN_TYPE = YES_ERROR;
				GCC_WARN_UNDECLARED_SELECTOR = YES;
				GCC_WARN_UNINITIALIZED_AUTOS = YES_AGGRESSIVE;
				GCC_WARN_UNUSED_FUNCTION = YES;
				GCC_WARN_UNUSED_VARIABLE = YES;
				IPHONEOS_DEPLOYMENT_TARGET = 16.4;
				MTL_ENABLE_DEBUG_INFO = INCLUDE_SOURCE;
				MTL_FAST_MATH = YES;
				ONLY_ACTIVE_ARCH = YES;
				SDKROOT = iphoneos;
				SWIFT_ACTIVE_COMPILATION_CONDITIONS = DEBUG;
				SWIFT_OPTIMIZATION_LEVEL = "-Onone";
			};
			name = Debug;
		};
		A7228B942B2F379800770D9D /* Release */ = {
			isa = XCBuildConfiguration;
			buildSettings = {
				ALWAYS_SEARCH_USER_PATHS = NO;
				CLANG_ANALYZER_NONNULL = YES;
				CLANG_ANALYZER_NUMBER_OBJECT_CONVERSION = YES_AGGRESSIVE;
				CLANG_CXX_LANGUAGE_STANDARD = "gnu++20";
				CLANG_ENABLE_MODULES = YES;
				CLANG_ENABLE_OBJC_ARC = YES;
				CLANG_ENABLE_OBJC_WEAK = YES;
				CLANG_WARN_BLOCK_CAPTURE_AUTORELEASING = YES;
				CLANG_WARN_BOOL_CONVERSION = YES;
				CLANG_WARN_COMMA = YES;
				CLANG_WARN_CONSTANT_CONVERSION = YES;
				CLANG_WARN_DEPRECATED_OBJC_IMPLEMENTATIONS = YES;
				CLANG_WARN_DIRECT_OBJC_ISA_USAGE = YES_ERROR;
				CLANG_WARN_DOCUMENTATION_COMMENTS = YES;
				CLANG_WARN_EMPTY_BODY = YES;
				CLANG_WARN_ENUM_CONVERSION = YES;
				CLANG_WARN_INFINITE_RECURSION = YES;
				CLANG_WARN_INT_CONVERSION = YES;
				CLANG_WARN_NON_LITERAL_NULL_CONVERSION = YES;
				CLANG_WARN_OBJC_IMPLICIT_RETAIN_SELF = YES;
				CLANG_WARN_OBJC_LITERAL_CONVERSION = YES;
				CLANG_WARN_OBJC_ROOT_CLASS = YES_ERROR;
				CLANG_WARN_QUOTED_INCLUDE_IN_FRAMEWORK_HEADER = YES;
				CLANG_WARN_RANGE_LOOP_ANALYSIS = YES;
				CLANG_WARN_STRICT_PROTOTYPES = YES;
				CLANG_WARN_SUSPICIOUS_MOVE = YES;
				CLANG_WARN_UNGUARDED_AVAILABILITY = YES_AGGRESSIVE;
				CLANG_WARN_UNREACHABLE_CODE = YES;
				CLANG_WARN__DUPLICATE_METHOD_MATCH = YES;
				COPY_PHASE_STRIP = NO;
				DEBUG_INFORMATION_FORMAT = "dwarf-with-dsym";
				ENABLE_NS_ASSERTIONS = NO;
				ENABLE_STRICT_OBJC_MSGSEND = YES;
				GCC_C_LANGUAGE_STANDARD = gnu11;
				GCC_NO_COMMON_BLOCKS = YES;
				GCC_WARN_64_TO_32_BIT_CONVERSION = YES;
				GCC_WARN_ABOUT_RETURN_TYPE = YES_ERROR;
				GCC_WARN_UNDECLARED_SELECTOR = YES;
				GCC_WARN_UNINITIALIZED_AUTOS = YES_AGGRESSIVE;
				GCC_WARN_UNUSED_FUNCTION = YES;
				GCC_WARN_UNUSED_VARIABLE = YES;
				IPHONEOS_DEPLOYMENT_TARGET = 16.4;
				MTL_ENABLE_DEBUG_INFO = NO;
				MTL_FAST_MATH = YES;
				SDKROOT = iphoneos;
				SWIFT_COMPILATION_MODE = wholemodule;
				SWIFT_OPTIMIZATION_LEVEL = "-O";
				VALIDATE_PRODUCT = YES;
			};
			name = Release;
		};
		A7228B962B2F379800770D9D /* Debug */ = {
			isa = XCBuildConfiguration;
			baseConfigurationReference = 6A3CC3C7D4BDEF817279696E /* Pods-SwiftDepInj.debug.xcconfig */;
			buildSettings = {
				ASSETCATALOG_COMPILER_APPICON_NAME = AppIcon;
				ASSETCATALOG_COMPILER_GLOBAL_ACCENT_COLOR_NAME = AccentColor;
				CODE_SIGN_STYLE = Automatic;
				CURRENT_PROJECT_VERSION = 1;
				DEVELOPMENT_TEAM = 9UGZTB7VYP;
				GENERATE_INFOPLIST_FILE = YES;
				INFOPLIST_FILE = SwiftDepInj/Info.plist;
				INFOPLIST_KEY_UIApplicationSupportsIndirectInputEvents = YES;
				INFOPLIST_KEY_UILaunchStoryboardName = LaunchScreen;
				INFOPLIST_KEY_UIMainStoryboardFile = Main;
				INFOPLIST_KEY_UISupportedInterfaceOrientations_iPad = "UIInterfaceOrientationPortrait UIInterfaceOrientationPortraitUpsideDown UIInterfaceOrientationLandscapeLeft UIInterfaceOrientationLandscapeRight";
				INFOPLIST_KEY_UISupportedInterfaceOrientations_iPhone = "UIInterfaceOrientationPortrait UIInterfaceOrientationLandscapeLeft UIInterfaceOrientationLandscapeRight";
				LD_RUNPATH_SEARCH_PATHS = (
					"$(inherited)",
					"@executable_path/Frameworks",
				);
				MARKETING_VERSION = 1.0;
				PRODUCT_BUNDLE_IDENTIFIER = aibekigizbayev.SwiftDepInj;
				PRODUCT_NAME = "$(TARGET_NAME)";
				SWIFT_EMIT_LOC_STRINGS = YES;
				SWIFT_VERSION = 5.0;
				TARGETED_DEVICE_FAMILY = "1,2";
			};
			name = Debug;
		};
		A7228B972B2F379800770D9D /* Release */ = {
			isa = XCBuildConfiguration;
			baseConfigurationReference = 5C4A5E1693D8DF9369B68406 /* Pods-SwiftDepInj.release.xcconfig */;
			buildSettings = {
				ASSETCATALOG_COMPILER_APPICON_NAME = AppIcon;
				ASSETCATALOG_COMPILER_GLOBAL_ACCENT_COLOR_NAME = AccentColor;
				CODE_SIGN_STYLE = Automatic;
				CURRENT_PROJECT_VERSION = 1;
				DEVELOPMENT_TEAM = 9UGZTB7VYP;
				GENERATE_INFOPLIST_FILE = YES;
				INFOPLIST_FILE = SwiftDepInj/Info.plist;
				INFOPLIST_KEY_UIApplicationSupportsIndirectInputEvents = YES;
				INFOPLIST_KEY_UILaunchStoryboardName = LaunchScreen;
				INFOPLIST_KEY_UIMainStoryboardFile = Main;
				INFOPLIST_KEY_UISupportedInterfaceOrientations_iPad = "UIInterfaceOrientationPortrait UIInterfaceOrientationPortraitUpsideDown UIInterfaceOrientationLandscapeLeft UIInterfaceOrientationLandscapeRight";
				INFOPLIST_KEY_UISupportedInterfaceOrientations_iPhone = "UIInterfaceOrientationPortrait UIInterfaceOrientationLandscapeLeft UIInterfaceOrientationLandscapeRight";
				LD_RUNPATH_SEARCH_PATHS = (
					"$(inherited)",
					"@executable_path/Frameworks",
				);
				MARKETING_VERSION = 1.0;
				PRODUCT_BUNDLE_IDENTIFIER = aibekigizbayev.SwiftDepInj;
				PRODUCT_NAME = "$(TARGET_NAME)";
				SWIFT_EMIT_LOC_STRINGS = YES;
				SWIFT_VERSION = 5.0;
				TARGETED_DEVICE_FAMILY = "1,2";
			};
			name = Release;
		};
/* End XCBuildConfiguration section */

/* Begin XCConfigurationList section */
		A7228B7C2B2F379800770D9D /* Build configuration list for PBXProject "SwiftDepInj" */ = {
			isa = XCConfigurationList;
			buildConfigurations = (
				A7228B932B2F379800770D9D /* Debug */,
				A7228B942B2F379800770D9D /* Release */,
			);
			defaultConfigurationIsVisible = 0;
			defaultConfigurationName = Release;
		};
		A7228B952B2F379800770D9D /* Build configuration list for PBXNativeTarget "SwiftDepInj" */ = {
			isa = XCConfigurationList;
			buildConfigurations = (
				A7228B962B2F379800770D9D /* Debug */,
				A7228B972B2F379800770D9D /* Release */,
			);
			defaultConfigurationIsVisible = 0;
			defaultConfigurationName = Release;
		};
/* End XCConfigurationList section */
	};
	rootObject = A7228B792B2F379800770D9D /* Project object */;
}
